hash: 0e4113adc502f2a3752b45ee266122025d4514bf83de0fcbd971c4eed46c9ec1
updated: 2017-09-13T21:20:30.925336641+02:00
imports:
- name: github.com/docker/docker
  version: 90d35abf7b3535c1c319c872900fbd76374e521c
  subpackages:
  - api/types/swarm
- name: github.com/rackspace/gophercloud
  version: da56de6a59e53fdd61be1b5d9b87df34c47ac420
  subpackages:
  - openstack
  - openstack/compute/v2/servers
  - pagination
- name: gopkg.in/yaml.v2
  version: a83829b6f1293c91addabc89d0571c246397bbf4
testImports: []
